
Microsoft Visual Studio Solution File, Format Version 12.00
# Visual Studio Version 16
VisualStudioVersion = 16.0.30804.86
MinimumVisualStudioVersion = 10.0.40219.1
Project("{FAE04EC0-301F-11D3-BF4B-00C04F79EFBC}") = "Buchgeschaeft", "Buchgeschaeft\Buchgeschaeft.csproj", "{B9A36809-D69F-4B2F-B9EB-D79BB4F047E1}"
EndProject
Project("{FAE04EC0-301F-11D3-BF4B-00C04F79EFBC}") = "BuchgeschaeftLibrary", "BuchgeschaeftLibrary\BuchgeschaeftLibrary.csproj", "{5ADC6212-3F49-41C9-BAFA-D6401B3372AE}"
EndProject
Global
	GlobalSection(SolutionConfigurationPlatforms) = preSolution
		Debug|Any CPU = Debug|Any CPU
		Release|Any CPU = Release|Any CPU
	EndGlobalSection
	GlobalSection(ProjectConfigurationPlatforms) = postSolution
		{B9A36809-D69F-4B2F-B9EB-D79BB4F047E1}.Debug|Any CPU.ActiveCfg = Debug|Any CPU
		{B9A36809-D69F-4B2F-B9EB-D79BB4F047E1}.Debug|Any CPU.Build.0 = Debug|Any CPU
		{B9A36809-D69F-4B2F-B9EB-D79BB4F047E1}.Release|Any CPU.ActiveCfg = Release|Any CPU
		{B9A36809-D69F-4B2F-B9EB-D79BB4F047E1}.Release|Any CPU.Build.0 = Release|Any CPU
		{5ADC6212-3F49-41C9-BAFA-D6401B3372AE}.Debug|Any CPU.ActiveCfg = Debug|Any CPU
		{5ADC6212-3F49-41C9-BAFA-D6401B3372AE}.Debug|Any CPU.Build.0 = Debug|Any CPU
		{5ADC6212-3F49-41C9-BAFA-D6401B3372AE}.Release|Any CPU.ActiveCfg = Release|Any CPU
		{5ADC6212-3F49-41C9-BAFA-D6401B3372AE}.Release|Any CPU.Build.0 = Release|Any CPU
	EndGlobalSection
	GlobalSection(SolutionProperties) = preSolution
		HideSolutionNode = FALSE
	EndGlobalSection
	GlobalSection(ExtensibilityGlobals) = postSolution
		SolutionGuid = {C0F76075-2AA1-4B20-8FAA-859240070DBF}
	EndGlobalSection
EndGlobal
